
Microsoft Visual Studio Solution File, Format Version 12.00
# Visual Studio Version 16
VisualStudioVersion = 16.0.30907.101
MinimumVisualStudioVersion = 10.0.40219.1
Project("{9A19103F-16F7-4668-BE54-9A1E7A4F7556}") = "HttpHandler", "HttpHandler.csproj", "{899A7A9D-DAE0-499D-83D9-EAEA026F868B}"
EndProject
Global
	GlobalSection(SolutionConfigurationPlatforms) = preSolution
		Debug|Any CPU = Debug|Any CPU
		Release|Any CPU = Release|Any CPU
	EndGlobalSection
	GlobalSection(ProjectConfigurationPlatforms) = postSolution
		{899A7A9D-DAE0-499D-83D9-EAEA026F868B}.Debug|Any CPU.ActiveCfg = Debug|Any CPU
		{899A7A9D-DAE0-499D-83D9-EAEA026F868B}.Debug|Any CPU.Build.0 = Debug|Any CPU
		{899A7A9D-DAE0-499D-83D9-EAEA026F868B}.Release|Any CPU.ActiveCfg = Release|Any CPU
		{899A7A9D-DAE0-499D-83D9-EAEA026F868B}.Release|Any CPU.Build.0 = Release|Any CPU
	EndGlobalSection
	GlobalSection(SolutionProperties) = preSolution
		HideSolutionNode = FALSE
	EndGlobalSection
	GlobalSection(ExtensibilityGlobals) = postSolution
		SolutionGuid = {8781E1BC-371D-4F0C-9D51-A39AD6764BE0}
	EndGlobalSection
EndGlobal
