
Microsoft Visual Studio Solution File, Format Version 12.00
# Visual Studio Version 16
VisualStudioVersion = 16.0.30907.101
MinimumVisualStudioVersion = 10.0.40219.1
Project("{9A19103F-16F7-4668-BE54-9A1E7A4F7556}") = "SqlDataProviderSslHttp2", "SqlDataProviderSslHttp2.csproj", "{C43D4C83-26EB-4542-B4AA-4D5895A76048}"
EndProject
Global
	GlobalSection(SolutionConfigurationPlatforms) = preSolution
		Debug|Any CPU = Debug|Any CPU
		Release|Any CPU = Release|Any CPU
	EndGlobalSection
	GlobalSection(ProjectConfigurationPlatforms) = postSolution
		{C43D4C83-26EB-4542-B4AA-4D5895A76048}.Debug|Any CPU.ActiveCfg = Debug|Any CPU
		{C43D4C83-26EB-4542-B4AA-4D5895A76048}.Debug|Any CPU.Build.0 = Debug|Any CPU
		{C43D4C83-26EB-4542-B4AA-4D5895A76048}.Release|Any CPU.ActiveCfg = Release|Any CPU
		{C43D4C83-26EB-4542-B4AA-4D5895A76048}.Release|Any CPU.Build.0 = Release|Any CPU
	EndGlobalSection
	GlobalSection(SolutionProperties) = preSolution
		HideSolutionNode = FALSE
	EndGlobalSection
	GlobalSection(ExtensibilityGlobals) = postSolution
		SolutionGuid = {CECDE249-4E11-4AE3-9C1B-71125CC1FC77}
	EndGlobalSection
EndGlobal
